// !$*UTF8*$!
{
	archiveVersion = 1;
	classes = {
	};
	objectVersion = 46;
	objects = {

/* Begin PBXBuildFile section */
		1D3623260D0F684500981E51 /* AppDelegate.m in Sources */ = {isa = PBXBuildFile; fileRef = 1D3623250D0F684500981E51 /* AppDelegate.m */; };
		1D60589B0D05DD56006BFB54 /* main.m in Sources */ = {isa = PBXBuildFile; fileRef = 29B97316FDCFA39411CA2CEA /* main.m */; };
		1F766FE113BBADB100FB74C0 /* Localizable.strings in Resources */ = {isa = PBXBuildFile; fileRef = 1F766FDC13BBADB100FB74C0 /* Localizable.strings */; };
		288765FD0DF74451002DB57D /* CoreGraphics.framework in Frameworks */ = {isa = PBXBuildFile; fileRef = 288765FC0DF74451002DB57D /* CoreGraphics.framework */; };
		301BF552109A68D80062928A /* libCordova.a in Frameworks */ = {isa = PBXBuildFile; fileRef = 301BF535109A57CC0062928A /* libCordova.a */; };
		302D95F114D2391D003F00A1 /* MainViewController.m in Sources */ = {isa = PBXBuildFile; fileRef = 302D95EF14D2391D003F00A1 /* MainViewController.m */; };
		302D95F214D2391D003F00A1 /* MainViewController.xib in Resources */ = {isa = PBXBuildFile; fileRef = 302D95F014D2391D003F00A1 /* MainViewController.xib */; };
		305D5FD1115AB8F900A74A75 /* MobileCoreServices.framework in Frameworks */ = {isa = PBXBuildFile; fileRef = 305D5FD0115AB8F900A74A75 /* MobileCoreServices.framework */; };
		3088BBBD154F3926009F9C59 /* Default-Landscape@2x~ipad.png in Resources */ = {isa = PBXBuildFile; fileRef = 3088BBB7154F3926009F9C59 /* Default-Landscape@2x~ipad.png */; };
		3088BBBE154F3926009F9C59 /* Default-Landscape~ipad.png in Resources */ = {isa = PBXBuildFile; fileRef = 3088BBB8154F3926009F9C59 /* Default-Landscape~ipad.png */; };
		3088BBBF154F3926009F9C59 /* Default-Portrait@2x~ipad.png in Resources */ = {isa = PBXBuildFile; fileRef = 3088BBB9154F3926009F9C59 /* Default-Portrait@2x~ipad.png */; };
		3088BBC0154F3926009F9C59 /* Default-Portrait~ipad.png in Resources */ = {isa = PBXBuildFile; fileRef = 3088BBBA154F3926009F9C59 /* Default-Portrait~ipad.png */; };
		3088BBC1154F3926009F9C59 /* Default@2x~iphone.png in Resources */ = {isa = PBXBuildFile; fileRef = 3088BBBB154F3926009F9C59 /* Default@2x~iphone.png */; };
		3088BBC2154F3926009F9C59 /* Default~iphone.png in Resources */ = {isa = PBXBuildFile; fileRef = 3088BBBC154F3926009F9C59 /* Default~iphone.png */; };
		308D05371370CCF300D202BF /* icon-72.png in Resources */ = {isa = PBXBuildFile; fileRef = 308D052E1370CCF300D202BF /* icon-72.png */; };
		308D05381370CCF300D202BF /* icon.png in Resources */ = {isa = PBXBuildFile; fileRef = 308D052F1370CCF300D202BF /* icon.png */; };
		308D05391370CCF300D202BF /* icon@2x.png in Resources */ = {isa = PBXBuildFile; fileRef = 308D05301370CCF300D202BF /* icon@2x.png */; };
		30A0434814DC770100060A13 /* Localizable.strings in Resources */ = {isa = PBXBuildFile; fileRef = 30A0434314DC770100060A13 /* Localizable.strings */; };
		30FC414916E50CA1004E6F35 /* icon-72@2x.png in Resources */ = {isa = PBXBuildFile; fileRef = 30FC414816E50CA1004E6F35 /* icon-72@2x.png */; };
		32644AFE19F7ABA60083871E /* ILPDFKitPlugin.m in Sources */ = {isa = PBXBuildFile; fileRef = 32644AFD19F7ABA60083871E /* ILPDFKitPlugin.m */; };
		32644B4919F7B9ED0083871E /* test.pdf in Resources */ = {isa = PBXBuildFile; fileRef = 32644B4819F7B9ED0083871E /* test.pdf */; };
		5B1594DD16A7569C00FEF299 /* AssetsLibrary.framework in Frameworks */ = {isa = PBXBuildFile; fileRef = 5B1594DC16A7569C00FEF299 /* AssetsLibrary.framework */; };
		7E7966DE1810823500FA85AD /* icon-40.png in Resources */ = {isa = PBXBuildFile; fileRef = 7E7966D41810823500FA85AD /* icon-40.png */; };
		7E7966DF1810823500FA85AD /* icon-40@2x.png in Resources */ = {isa = PBXBuildFile; fileRef = 7E7966D51810823500FA85AD /* icon-40@2x.png */; };
		7E7966E01810823500FA85AD /* icon-50.png in Resources */ = {isa = PBXBuildFile; fileRef = 7E7966D61810823500FA85AD /* icon-50.png */; };
		7E7966E11810823500FA85AD /* icon-50@2x.png in Resources */ = {isa = PBXBuildFile; fileRef = 7E7966D71810823500FA85AD /* icon-50@2x.png */; };
		7E7966E21810823500FA85AD /* icon-60.png in Resources */ = {isa = PBXBuildFile; fileRef = 7E7966D81810823500FA85AD /* icon-60.png */; };
		7E7966E31810823500FA85AD /* icon-60@2x.png in Resources */ = {isa = PBXBuildFile; fileRef = 7E7966D91810823500FA85AD /* icon-60@2x.png */; };
		7E7966E41810823500FA85AD /* icon-76.png in Resources */ = {isa = PBXBuildFile; fileRef = 7E7966DA1810823500FA85AD /* icon-76.png */; };
		7E7966E51810823500FA85AD /* icon-76@2x.png in Resources */ = {isa = PBXBuildFile; fileRef = 7E7966DB1810823500FA85AD /* icon-76@2x.png */; };
		7E7966E61810823500FA85AD /* icon-small.png in Resources */ = {isa = PBXBuildFile; fileRef = 7E7966DC1810823500FA85AD /* icon-small.png */; };
		7E7966E71810823500FA85AD /* icon-small@2x.png in Resources */ = {isa = PBXBuildFile; fileRef = 7E7966DD1810823500FA85AD /* icon-small@2x.png */; };
		D4A0D8761607E02300AEF8BB /* Default-568h@2x~iphone.png in Resources */ = {isa = PBXBuildFile; fileRef = D4A0D8751607E02300AEF8BB /* Default-568h@2x~iphone.png */; };
		EDA6FCCB1DFF1EA400B29014 /* UIKit.framework in Frameworks */ = {isa = PBXBuildFile; fileRef = EDA6FCCA1DFF1EA400B29014 /* UIKit.framework */; };
		EDD735A61DFEE83900100F37 /* ILPDFSerializer.m in Sources */ = {isa = PBXBuildFile; fileRef = EDD735771DFEE83900100F37 /* ILPDFSerializer.m */; };
		EDD735A71DFEE83900100F37 /* ILPDFViewController.m in Sources */ = {isa = PBXBuildFile; fileRef = EDD735791DFEE83900100F37 /* ILPDFViewController.m */; };
		EDD735A81DFEE83900100F37 /* ILPDFDocument.m in Sources */ = {isa = PBXBuildFile; fileRef = EDD7357D1DFEE83900100F37 /* ILPDFDocument.m */; };
		EDD735A91DFEE83900100F37 /* ILPDFForm.m in Sources */ = {isa = PBXBuildFile; fileRef = EDD7357F1DFEE83900100F37 /* ILPDFForm.m */; };
		EDD735AA1DFEE83900100F37 /* ILPDFFormContainer.m in Sources */ = {isa = PBXBuildFile; fileRef = EDD735811DFEE83900100F37 /* ILPDFFormContainer.m */; };
		EDD735AB1DFEE83900100F37 /* ILPDFPage.m in Sources */ = {isa = PBXBuildFile; fileRef = EDD735831DFEE83900100F37 /* ILPDFPage.m */; };
		EDD735AC1DFEE83900100F37 /* ILPDFArray.m in Sources */ = {isa = PBXBuildFile; fileRef = EDD735861DFEE83900100F37 /* ILPDFArray.m */; };
		EDD735AD1DFEE83900100F37 /* ILPDFDictionary.m in Sources */ = {isa = PBXBuildFile; fileRef = EDD735881DFEE83900100F37 /* ILPDFDictionary.m */; };
		EDD735AE1DFEE83900100F37 /* ILPDFName.m in Sources */ = {isa = PBXBuildFile; fileRef = EDD7358A1DFEE83900100F37 /* ILPDFName.m */; };
		EDD735AF1DFEE83900100F37 /* ILPDFNull.m in Sources */ = {isa = PBXBuildFile; fileRef = EDD7358C1DFEE83900100F37 /* ILPDFNull.m */; };
		EDD735B01DFEE83900100F37 /* ILPDFNumber.m in Sources */ = {isa = PBXBuildFile; fileRef = EDD7358E1DFEE83900100F37 /* ILPDFNumber.m */; };
		EDD735B11DFEE83900100F37 /* ILPDFStream.m in Sources */ = {isa = PBXBuildFile; fileRef = EDD735911DFEE83900100F37 /* ILPDFStream.m */; };
		EDD735B21DFEE83900100F37 /* ILPDFString.m in Sources */ = {isa = PBXBuildFile; fileRef = EDD735931DFEE83900100F37 /* ILPDFString.m */; };
		EDD735B31DFEE83900100F37 /* ILPDFObjectParser.m in Sources */ = {isa = PBXBuildFile; fileRef = EDD735961DFEE83900100F37 /* ILPDFObjectParser.m */; };
		EDD735B41DFEE83A00100F37 /* ILPDFUtility.m in Sources */ = {isa = PBXBuildFile; fileRef = EDD735981DFEE83900100F37 /* ILPDFUtility.m */; };
		EDD735B51DFEE83A00100F37 /* ILPDFFormButtonField.m in Sources */ = {isa = PBXBuildFile; fileRef = EDD7359B1DFEE83900100F37 /* ILPDFFormButtonField.m */; };
		EDD735B61DFEE83A00100F37 /* ILPDFFormChoiceField.m in Sources */ = {isa = PBXBuildFile; fileRef = EDD7359D1DFEE83900100F37 /* ILPDFFormChoiceField.m */; };
		EDD735B71DFEE83A00100F37 /* ILPDFFormSignatureField.m in Sources */ = {isa = PBXBuildFile; fileRef = EDD7359F1DFEE83900100F37 /* ILPDFFormSignatureField.m */; };
		EDD735B81DFEE83A00100F37 /* ILPDFFormTextField.m in Sources */ = {isa = PBXBuildFile; fileRef = EDD735A11DFEE83900100F37 /* ILPDFFormTextField.m */; };
		EDD735B91DFEE83A00100F37 /* ILPDFView.m in Sources */ = {isa = PBXBuildFile; fileRef = EDD735A31DFEE83900100F37 /* ILPDFView.m */; };
		EDD735BA1DFEE83A00100F37 /* ILPDFWidgetAnnotationView.m in Sources */ = {isa = PBXBuildFile; fileRef = EDD735A51DFEE83900100F37 /* ILPDFWidgetAnnotationView.m */; };
		EDD735BD1DFEF2F200100F37 /* test.pdf in Resources */ = {isa = PBXBuildFile; fileRef = EDD735BC1DFEF2F200100F37 /* test.pdf */; };
/* End PBXBuildFile section */

/* Begin PBXContainerItemProxy section */
		301BF534109A57CC0062928A /* PBXContainerItemProxy */ = {
			isa = PBXContainerItemProxy;
			containerPortal = 301BF52D109A57CC0062928A /* CordovaLib.xcodeproj */;
			proxyType = 2;
			remoteGlobalIDString = D2AAC07E0554694100DB518D;
			remoteInfo = CordovaLib;
		};
		301BF550109A68C00062928A /* PBXContainerItemProxy */ = {
			isa = PBXContainerItemProxy;
			containerPortal = 301BF52D109A57CC0062928A /* CordovaLib.xcodeproj */;
			proxyType = 1;
			remoteGlobalIDString = D2AAC07D0554694100DB518D;
			remoteInfo = CordovaLib;
		};
/* End PBXContainerItemProxy section */

/* Begin PBXFileReference section */
		1D3623240D0F684500981E51 /* AppDelegate.h */ = {isa = PBXFileReference; fileEncoding = 4; lastKnownFileType = sourcecode.c.h; path = AppDelegate.h; sourceTree = "<group>"; };
		1D3623250D0F684500981E51 /* AppDelegate.m */ = {isa = PBXFileReference; fileEncoding = 4; lastKnownFileType = sourcecode.c.objc; path = AppDelegate.m; sourceTree = "<group>"; };
		1D6058910D05DD3D006BFB54 /* ILPDFKit-Cordova.app */ = {isa = PBXFileReference; explicitFileType = wrapper.application; includeInIndex = 0; path = "ILPDFKit-Cordova.app"; sourceTree = BUILT_PRODUCTS_DIR; };
		1F766FDD13BBADB100FB74C0 /* en */ = {isa = PBXFileReference; lastKnownFileType = text.plist.strings; name = en; path = Localizable.strings; sourceTree = "<group>"; };
		1F766FE013BBADB100FB74C0 /* es */ = {isa = PBXFileReference; lastKnownFileType = text.plist.strings; name = es; path = Localizable.strings; sourceTree = "<group>"; };
		288765FC0DF74451002DB57D /* CoreGraphics.framework */ = {isa = PBXFileReference; lastKnownFileType = wrapper.framework; name = CoreGraphics.framework; path = System/Library/Frameworks/CoreGraphics.framework; sourceTree = SDKROOT; };
		29B97316FDCFA39411CA2CEA /* main.m */ = {isa = PBXFileReference; fileEncoding = 4; lastKnownFileType = sourcecode.c.objc; path = main.m; sourceTree = "<group>"; };
		301BF52D109A57CC0062928A /* CordovaLib.xcodeproj */ = {isa = PBXFileReference; lastKnownFileType = "wrapper.pb-project"; name = CordovaLib.xcodeproj; path = CordovaLib/CordovaLib.xcodeproj; sourceTree = "<group>"; };
		301BF56E109A69640062928A /* www */ = {isa = PBXFileReference; lastKnownFileType = folder; path = www; sourceTree = SOURCE_ROOT; };
		302D95EE14D2391D003F00A1 /* MainViewController.h */ = {isa = PBXFileReference; fileEncoding = 4; lastKnownFileType = sourcecode.c.h; path = MainViewController.h; sourceTree = "<group>"; };
		302D95EF14D2391D003F00A1 /* MainViewController.m */ = {isa = PBXFileReference; fileEncoding = 4; lastKnownFileType = sourcecode.c.objc; path = MainViewController.m; sourceTree = "<group>"; };
		302D95F014D2391D003F00A1 /* MainViewController.xib */ = {isa = PBXFileReference; fileEncoding = 4; lastKnownFileType = file.xib; path = MainViewController.xib; sourceTree = "<group>"; };
		305D5FD0115AB8F900A74A75 /* MobileCoreServices.framework */ = {isa = PBXFileReference; lastKnownFileType = wrapper.framework; name = MobileCoreServices.framework; path = System/Library/Frameworks/MobileCoreServices.framework; sourceTree = SDKROOT; };
		3088BBB7154F3926009F9C59 /* Default-Landscape@2x~ipad.png */ = {isa = PBXFileReference; lastKnownFileType = image.png; path = "Default-Landscape@2x~ipad.png"; sourceTree = "<group>"; };
		3088BBB8154F3926009F9C59 /* Default-Landscape~ipad.png */ = {isa = PBXFileReference; lastKnownFileType = image.png; path = "Default-Landscape~ipad.png"; sourceTree = "<group>"; };
		3088BBB9154F3926009F9C59 /* Default-Portrait@2x~ipad.png */ = {isa = PBXFileReference; lastKnownFileType = image.png; path = "Default-Portrait@2x~ipad.png"; sourceTree = "<group>"; };
		3088BBBA154F3926009F9C59 /* Default-Portrait~ipad.png */ = {isa = PBXFileReference; lastKnownFileType = image.png; path = "Default-Portrait~ipad.png"; sourceTree = "<group>"; };
		3088BBBB154F3926009F9C59 /* Default@2x~iphone.png */ = {isa = PBXFileReference; lastKnownFileType = image.png; path = "Default@2x~iphone.png"; sourceTree = "<group>"; };
		3088BBBC154F3926009F9C59 /* Default~iphone.png */ = {isa = PBXFileReference; lastKnownFileType = image.png; path = "Default~iphone.png"; sourceTree = "<group>"; };
		308D052E1370CCF300D202BF /* icon-72.png */ = {isa = PBXFileReference; lastKnownFileType = image.png; path = "icon-72.png"; sourceTree = "<group>"; };
		308D052F1370CCF300D202BF /* icon.png */ = {isa = PBXFileReference; lastKnownFileType = image.png; path = icon.png; sourceTree = "<group>"; };
		308D05301370CCF300D202BF /* icon@2x.png */ = {isa = PBXFileReference; lastKnownFileType = image.png; path = "icon@2x.png"; sourceTree = "<group>"; };
		30A0434414DC770100060A13 /* de */ = {isa = PBXFileReference; lastKnownFileType = text.plist.strings; name = de; path = Localizable.strings; sourceTree = "<group>"; };
		30A0434714DC770100060A13 /* se */ = {isa = PBXFileReference; lastKnownFileType = text.plist.strings; name = se; path = Localizable.strings; sourceTree = "<group>"; };
		30FC414816E50CA1004E6F35 /* icon-72@2x.png */ = {isa = PBXFileReference; lastKnownFileType = image.png; path = "icon-72@2x.png"; sourceTree = "<group>"; };
		32644AFC19F7ABA60083871E /* ILPDFKitPlugin.h */ = {isa = PBXFileReference; fileEncoding = 4; lastKnownFileType = sourcecode.c.h; path = ILPDFKitPlugin.h; sourceTree = "<group>"; };
		32644AFD19F7ABA60083871E /* ILPDFKitPlugin.m */ = {isa = PBXFileReference; fileEncoding = 4; lastKnownFileType = sourcecode.c.objc; path = ILPDFKitPlugin.m; sourceTree = "<group>"; };
		32644B4819F7B9ED0083871E /* test.pdf */ = {isa = PBXFileReference; lastKnownFileType = image.pdf; path = test.pdf; sourceTree = "<group>"; };
		32CA4F630368D1EE00C91783 /* ILPDFKit-Cordova-Prefix.pch */ = {isa = PBXFileReference; fileEncoding = 4; lastKnownFileType = sourcecode.c.h; path = "ILPDFKit-Cordova-Prefix.pch"; sourceTree = "<group>"; };
		5B1594DC16A7569C00FEF299 /* AssetsLibrary.framework */ = {isa = PBXFileReference; lastKnownFileType = wrapper.framework; name = AssetsLibrary.framework; path = System/Library/Frameworks/AssetsLibrary.framework; sourceTree = SDKROOT; };
		7E7966D41810823500FA85AD /* icon-40.png */ = {isa = PBXFileReference; lastKnownFileType = image.png; path = "icon-40.png"; sourceTree = "<group>"; };
		7E7966D51810823500FA85AD /* icon-40@2x.png */ = {isa = PBXFileReference; lastKnownFileType = image.png; path = "icon-40@2x.png"; sourceTree = "<group>"; };
		7E7966D61810823500FA85AD /* icon-50.png */ = {isa = PBXFileReference; lastKnownFileType = image.png; path = "icon-50.png"; sourceTree = "<group>"; };
		7E7966D71810823500FA85AD /* icon-50@2x.png */ = {isa = PBXFileReference; lastKnownFileType = image.png; path = "icon-50@2x.png"; sourceTree = "<group>"; };
		7E7966D81810823500FA85AD /* icon-60.png */ = {isa = PBXFileReference; lastKnownFileType = image.png; path = "icon-60.png"; sourceTree = "<group>"; };
		7E7966D91810823500FA85AD /* icon-60@2x.png */ = {isa = PBXFileReference; lastKnownFileType = image.png; path = "icon-60@2x.png"; sourceTree = "<group>"; };
		7E7966DA1810823500FA85AD /* icon-76.png */ = {isa = PBXFileReference; lastKnownFileType = image.png; path = "icon-76.png"; sourceTree = "<group>"; };
		7E7966DB1810823500FA85AD /* icon-76@2x.png */ = {isa = PBXFileReference; lastKnownFileType = image.png; path = "icon-76@2x.png"; sourceTree = "<group>"; };
		7E7966DC1810823500FA85AD /* icon-small.png */ = {isa = PBXFileReference; lastKnownFileType = image.png; path = "icon-small.png"; sourceTree = "<group>"; };
		7E7966DD1810823500FA85AD /* icon-small@2x.png */ = {isa = PBXFileReference; lastKnownFileType = image.png; path = "icon-small@2x.png"; sourceTree = "<group>"; };
		8D1107310486CEB800E47090 /* ILPDFKit-Cordova-Info.plist */ = {isa = PBXFileReference; fileEncoding = 4; lastKnownFileType = text.plist.xml; name = "ILPDFKit-Cordova-Info.plist"; path = "../ILPDFKit-Cordova-Info.plist"; plistStructureDefinitionIdentifier = "com.apple.xcode.plist.structure-definition.iphone.info-plist"; sourceTree = "<group>"; };
		D4A0D8751607E02300AEF8BB /* Default-568h@2x~iphone.png */ = {isa = PBXFileReference; lastKnownFileType = image.png; path = "Default-568h@2x~iphone.png"; sourceTree = "<group>"; };
		EB87FDF31871DA8E0020F90C /* www */ = {isa = PBXFileReference; lastKnownFileType = folder; path = www; sourceTree = "<group>"; };
		EB87FDF41871DAF40020F90C /* config.xml */ = {isa = PBXFileReference; lastKnownFileType = text.xml; name = config.xml; path = "ILPDFKit-Cordova/config.xml"; sourceTree = "<group>"; };
		EDA6FCCA1DFF1EA400B29014 /* UIKit.framework */ = {isa = PBXFileReference; lastKnownFileType = wrapper.framework; name = UIKit.framework; path = System/Library/Frameworks/UIKit.framework; sourceTree = SDKROOT; };
		EDD735761DFEE83900100F37 /* ILPDFSerializer.h */ = {isa = PBXFileReference; fileEncoding = 4; lastKnownFileType = sourcecode.c.h; path = ILPDFSerializer.h; sourceTree = "<group>"; };
		EDD735771DFEE83900100F37 /* ILPDFSerializer.m */ = {isa = PBXFileReference; fileEncoding = 4; lastKnownFileType = sourcecode.c.objc; path = ILPDFSerializer.m; sourceTree = "<group>"; };
		EDD735781DFEE83900100F37 /* ILPDFViewController.h */ = {isa = PBXFileReference; fileEncoding = 4; lastKnownFileType = sourcecode.c.h; path = ILPDFViewController.h; sourceTree = "<group>"; };
		EDD735791DFEE83900100F37 /* ILPDFViewController.m */ = {isa = PBXFileReference; fileEncoding = 4; lastKnownFileType = sourcecode.c.objc; path = ILPDFViewController.m; sourceTree = "<group>"; };
		EDD7357A1DFEE83900100F37 /* ILPDFKit.h */ = {isa = PBXFileReference; fileEncoding = 4; lastKnownFileType = sourcecode.c.h; path = ILPDFKit.h; sourceTree = "<group>"; };
		EDD7357C1DFEE83900100F37 /* ILPDFDocument.h */ = {isa = PBXFileReference; fileEncoding = 4; lastKnownFileType = sourcecode.c.h; path = ILPDFDocument.h; sourceTree = "<group>"; };
		EDD7357D1DFEE83900100F37 /* ILPDFDocument.m */ = {isa = PBXFileReference; fileEncoding = 4; lastKnownFileType = sourcecode.c.objc; path = ILPDFDocument.m; sourceTree = "<group>"; };
		EDD7357E1DFEE83900100F37 /* ILPDFForm.h */ = {isa = PBXFileReference; fileEncoding = 4; lastKnownFileType = sourcecode.c.h; path = ILPDFForm.h; sourceTree = "<group>"; };
		EDD7357F1DFEE83900100F37 /* ILPDFForm.m */ = {isa = PBXFileReference; fileEncoding = 4; lastKnownFileType = sourcecode.c.objc; path = ILPDFForm.m; sourceTree = "<group>"; };
		EDD735801DFEE83900100F37 /* ILPDFFormContainer.h */ = {isa = PBXFileReference; fileEncoding = 4; lastKnownFileType = sourcecode.c.h; path = ILPDFFormContainer.h; sourceTree = "<group>"; };
		EDD735811DFEE83900100F37 /* ILPDFFormContainer.m */ = {isa = PBXFileReference; fileEncoding = 4; lastKnownFileType = sourcecode.c.objc; path = ILPDFFormContainer.m; sourceTree = "<group>"; };
		EDD735821DFEE83900100F37 /* ILPDFPage.h */ = {isa = PBXFileReference; fileEncoding = 4; lastKnownFileType = sourcecode.c.h; path = ILPDFPage.h; sourceTree = "<group>"; };
		EDD735831DFEE83900100F37 /* ILPDFPage.m */ = {isa = PBXFileReference; fileEncoding = 4; lastKnownFileType = sourcecode.c.objc; path = ILPDFPage.m; sourceTree = "<group>"; };
		EDD735851DFEE83900100F37 /* ILPDFArray.h */ = {isa = PBXFileReference; fileEncoding = 4; lastKnownFileType = sourcecode.c.h; path = ILPDFArray.h; sourceTree = "<group>"; };
		EDD735861DFEE83900100F37 /* ILPDFArray.m */ = {isa = PBXFileReference; fileEncoding = 4; lastKnownFileType = sourcecode.c.objc; path = ILPDFArray.m; sourceTree = "<group>"; };
		EDD735871DFEE83900100F37 /* ILPDFDictionary.h */ = {isa = PBXFileReference; fileEncoding = 4; lastKnownFileType = sourcecode.c.h; path = ILPDFDictionary.h; sourceTree = "<group>"; };
		EDD735881DFEE83900100F37 /* ILPDFDictionary.m */ = {isa = PBXFileReference; fileEncoding = 4; lastKnownFileType = sourcecode.c.objc; path = ILPDFDictionary.m; sourceTree = "<group>"; };
		EDD735891DFEE83900100F37 /* ILPDFName.h */ = {isa = PBXFileReference; fileEncoding = 4; lastKnownFileType = sourcecode.c.h; path = ILPDFName.h; sourceTree = "<group>"; };
		EDD7358A1DFEE83900100F37 /* ILPDFName.m */ = {isa = PBXFileReference; fileEncoding = 4; lastKnownFileType = sourcecode.c.objc; path = ILPDFName.m; sourceTree = "<group>"; };
		EDD7358B1DFEE83900100F37 /* ILPDFNull.h */ = {isa = PBXFileReference; fileEncoding = 4; lastKnownFileType = sourcecode.c.h; path = ILPDFNull.h; sourceTree = "<group>"; };
		EDD7358C1DFEE83900100F37 /* ILPDFNull.m */ = {isa = PBXFileReference; fileEncoding = 4; lastKnownFileType = sourcecode.c.objc; path = ILPDFNull.m; sourceTree = "<group>"; };
		EDD7358D1DFEE83900100F37 /* ILPDFNumber.h */ = {isa = PBXFileReference; fileEncoding = 4; lastKnownFileType = sourcecode.c.h; path = ILPDFNumber.h; sourceTree = "<group>"; };
		EDD7358E1DFEE83900100F37 /* ILPDFNumber.m */ = {isa = PBXFileReference; fileEncoding = 4; lastKnownFileType = sourcecode.c.objc; path = ILPDFNumber.m; sourceTree = "<group>"; };
		EDD7358F1DFEE83900100F37 /* ILPDFObject.h */ = {isa = PBXFileReference; fileEncoding = 4; lastKnownFileType = sourcecode.c.h; path = ILPDFObject.h; sourceTree = "<group>"; };
		EDD735901DFEE83900100F37 /* ILPDFStream.h */ = {isa = PBXFileReference; fileEncoding = 4; lastKnownFileType = sourcecode.c.h; path = ILPDFStream.h; sourceTree = "<group>"; };
		EDD735911DFEE83900100F37 /* ILPDFStream.m */ = {isa = PBXFileReference; fileEncoding = 4; lastKnownFileType = sourcecode.c.objc; path = ILPDFStream.m; sourceTree = "<group>"; };
		EDD735921DFEE83900100F37 /* ILPDFString.h */ = {isa = PBXFileReference; fileEncoding = 4; lastKnownFileType = sourcecode.c.h; path = ILPDFString.h; sourceTree = "<group>"; };
		EDD735931DFEE83900100F37 /* ILPDFString.m */ = {isa = PBXFileReference; fileEncoding = 4; lastKnownFileType = sourcecode.c.objc; path = ILPDFString.m; sourceTree = "<group>"; };
		EDD735951DFEE83900100F37 /* ILPDFObjectParser.h */ = {isa = PBXFileReference; fileEncoding = 4; lastKnownFileType = sourcecode.c.h; path = ILPDFObjectParser.h; sourceTree = "<group>"; };
		EDD735961DFEE83900100F37 /* ILPDFObjectParser.m */ = {isa = PBXFileReference; fileEncoding = 4; lastKnownFileType = sourcecode.c.objc; path = ILPDFObjectParser.m; sourceTree = "<group>"; };
		EDD735971DFEE83900100F37 /* ILPDFUtility.h */ = {isa = PBXFileReference; fileEncoding = 4; lastKnownFileType = sourcecode.c.h; path = ILPDFUtility.h; sourceTree = "<group>"; };
		EDD735981DFEE83900100F37 /* ILPDFUtility.m */ = {isa = PBXFileReference; fileEncoding = 4; lastKnownFileType = sourcecode.c.objc; path = ILPDFUtility.m; sourceTree = "<group>"; };
		EDD7359A1DFEE83900100F37 /* ILPDFFormButtonField.h */ = {isa = PBXFileReference; fileEncoding = 4; lastKnownFileType = sourcecode.c.h; path = ILPDFFormButtonField.h; sourceTree = "<group>"; };
		EDD7359B1DFEE83900100F37 /* ILPDFFormButtonField.m */ = {isa = PBXFileReference; fileEncoding = 4; lastKnownFileType = sourcecode.c.objc; path = ILPDFFormButtonField.m; sourceTree = "<group>"; };
		EDD7359C1DFEE83900100F37 /* ILPDFFormChoiceField.h */ = {isa = PBXFileReference; fileEncoding = 4; lastKnownFileType = sourcecode.c.h; path = ILPDFFormChoiceField.h; sourceTree = "<group>"; };
		EDD7359D1DFEE83900100F37 /* ILPDFFormChoiceField.m */ = {isa = PBXFileReference; fileEncoding = 4; lastKnownFileType = sourcecode.c.objc; path = ILPDFFormChoiceField.m; sourceTree = "<group>"; };
		EDD7359E1DFEE83900100F37 /* ILPDFFormSignatureField.h */ = {isa = PBXFileReference; fileEncoding = 4; lastKnownFileType = sourcecode.c.h; path = ILPDFFormSignatureField.h; sourceTree = "<group>"; };
		EDD7359F1DFEE83900100F37 /* ILPDFFormSignatureField.m */ = {isa = PBXFileReference; fileEncoding = 4; lastKnownFileType = sourcecode.c.objc; path = ILPDFFormSignatureField.m; sourceTree = "<group>"; };
		EDD735A01DFEE83900100F37 /* ILPDFFormTextField.h */ = {isa = PBXFileReference; fileEncoding = 4; lastKnownFileType = sourcecode.c.h; path = ILPDFFormTextField.h; sourceTree = "<group>"; };
		EDD735A11DFEE83900100F37 /* ILPDFFormTextField.m */ = {isa = PBXFileReference; fileEncoding = 4; lastKnownFileType = sourcecode.c.objc; path = ILPDFFormTextField.m; sourceTree = "<group>"; };
		EDD735A21DFEE83900100F37 /* ILPDFView.h */ = {isa = PBXFileReference; fileEncoding = 4; lastKnownFileType = sourcecode.c.h; path = ILPDFView.h; sourceTree = "<group>"; };
		EDD735A31DFEE83900100F37 /* ILPDFView.m */ = {isa = PBXFileReference; fileEncoding = 4; lastKnownFileType = sourcecode.c.objc; path = ILPDFView.m; sourceTree = "<group>"; };
		EDD735A41DFEE83900100F37 /* ILPDFWidgetAnnotationView.h */ = {isa = PBXFileReference; fileEncoding = 4; lastKnownFileType = sourcecode.c.h; path = ILPDFWidgetAnnotationView.h; sourceTree = "<group>"; };
		EDD735A51DFEE83900100F37 /* ILPDFWidgetAnnotationView.m */ = {isa = PBXFileReference; fileEncoding = 4; lastKnownFileType = sourcecode.c.objc; path = ILPDFWidgetAnnotationView.m; sourceTree = "<group>"; };
		EDD735BC1DFEF2F200100F37 /* test.pdf */ = {isa = PBXFileReference; lastKnownFileType = image.pdf; path = test.pdf; sourceTree = "<group>"; };
		F840E1F0165FE0F500CFE078 /* config.xml */ = {isa = PBXFileReference; lastKnownFileType = text.xml; name = config.xml; path = "ILPDFKit-Cordova/config.xml"; sourceTree = "<group>"; };
/* End PBXFileReference section */

/* Begin PBXFrameworksBuildPhase section */
		1D60588F0D05DD3D006BFB54 /* Frameworks */ = {
			isa = PBXFrameworksBuildPhase;
			buildActionMask = 2147483647;
			files = (
				EDA6FCCB1DFF1EA400B29014 /* UIKit.framework in Frameworks */,
				5B1594DD16A7569C00FEF299 /* AssetsLibrary.framework in Frameworks */,
				301BF552109A68D80062928A /* libCordova.a in Frameworks */,
				288765FD0DF74451002DB57D /* CoreGraphics.framework in Frameworks */,
				305D5FD1115AB8F900A74A75 /* MobileCoreServices.framework in Frameworks */,
			);
			runOnlyForDeploymentPostprocessing = 0;
		};
/* End PBXFrameworksBuildPhase section */

/* Begin PBXGroup section */
		080E96DDFE201D6D7F000001 /* Classes */ = {
			isa = PBXGroup;
			children = (
				302D95EE14D2391D003F00A1 /* MainViewController.h */,
				302D95EF14D2391D003F00A1 /* MainViewController.m */,
				302D95F014D2391D003F00A1 /* MainViewController.xib */,
				1D3623240D0F684500981E51 /* AppDelegate.h */,
				1D3623250D0F684500981E51 /* AppDelegate.m */,
			);
			name = Classes;
			path = "ILPDFKit-Cordova/Classes";
			sourceTree = SOURCE_ROOT;
		};
		19C28FACFE9D520D11CA2CBB /* Products */ = {
			isa = PBXGroup;
			children = (
				1D6058910D05DD3D006BFB54 /* ILPDFKit-Cordova.app */,
			);
			name = Products;
			sourceTree = "<group>";
		};
		1F766FDB13BBADB100FB74C0 /* en.lproj */ = {
			isa = PBXGroup;
			children = (
				1F766FDC13BBADB100FB74C0 /* Localizable.strings */,
			);
			path = en.lproj;
			sourceTree = "<group>";
		};
		1F766FDE13BBADB100FB74C0 /* es.lproj */ = {
			isa = PBXGroup;
			children = (
				1F766FDF13BBADB100FB74C0 /* Localizable.strings */,
			);
			path = es.lproj;
			sourceTree = "<group>";
		};
		29B97314FDCFA39411CA2CEA /* CustomTemplate */ = {
			isa = PBXGroup;
			children = (
				EB87FDF41871DAF40020F90C /* config.xml */,
				EB87FDF31871DA8E0020F90C /* www */,
				EB87FDF11871DA420020F90C /* Staging */,
				301BF52D109A57CC0062928A /* CordovaLib.xcodeproj */,
				080E96DDFE201D6D7F000001 /* Classes */,
				307C750510C5A3420062BCA9 /* Plugins */,
				29B97315FDCFA39411CA2CEA /* Other Sources */,
				29B97317FDCFA39411CA2CEA /* Resources */,
				29B97323FDCFA39411CA2CEA /* Frameworks */,
				19C28FACFE9D520D11CA2CBB /* Products */,
			);
			name = CustomTemplate;
			sourceTree = "<group>";
		};
		29B97315FDCFA39411CA2CEA /* Other Sources */ = {
			isa = PBXGroup;
			children = (
				32CA4F630368D1EE00C91783 /* ILPDFKit-Cordova-Prefix.pch */,
				29B97316FDCFA39411CA2CEA /* main.m */,
			);
			name = "Other Sources";
			path = "ILPDFKit-Cordova";
			sourceTree = "<group>";
		};
		29B97317FDCFA39411CA2CEA /* Resources */ = {
			isa = PBXGroup;
			children = (
				32644B4819F7B9ED0083871E /* test.pdf */,
				30A0434214DC770100060A13 /* de.lproj */,
				30A0434514DC770100060A13 /* se.lproj */,
				1F766FDB13BBADB100FB74C0 /* en.lproj */,
				1F766FDE13BBADB100FB74C0 /* es.lproj */,
				308D052D1370CCF300D202BF /* icons */,
				308D05311370CCF300D202BF /* splash */,
				8D1107310486CEB800E47090 /* ILPDFKit-Cordova-Info.plist */,
			);
			name = Resources;
			path = "ILPDFKit-Cordova/Resources";
			sourceTree = "<group>";
		};
		29B97323FDCFA39411CA2CEA /* Frameworks */ = {
			isa = PBXGroup;
			children = (
				EDA6FCCA1DFF1EA400B29014 /* UIKit.framework */,
				5B1594DC16A7569C00FEF299 /* AssetsLibrary.framework */,
				288765FC0DF74451002DB57D /* CoreGraphics.framework */,
				305D5FD0115AB8F900A74A75 /* MobileCoreServices.framework */,
			);
			name = Frameworks;
			sourceTree = "<group>";
		};
		301BF52E109A57CC0062928A /* Products */ = {
			isa = PBXGroup;
			children = (
				301BF535109A57CC0062928A /* libCordova.a */,
			);
			name = Products;
			sourceTree = "<group>";
		};
		307C750510C5A3420062BCA9 /* Plugins */ = {
			isa = PBXGroup;
			children = (
				32644AFC19F7ABA60083871E /* ILPDFKitPlugin.h */,
				32644AFD19F7ABA60083871E /* ILPDFKitPlugin.m */,
				EDD735BC1DFEF2F200100F37 /* test.pdf */,
				EDD735741DFEE83900100F37 /* ILPDFKit */,
			);
			name = Plugins;
			path = "ILPDFKit-Cordova/Plugins";
			sourceTree = SOURCE_ROOT;
		};
		308D052D1370CCF300D202BF /* icons */ = {
			isa = PBXGroup;
			children = (
				7E7966D41810823500FA85AD /* icon-40.png */,
				7E7966D51810823500FA85AD /* icon-40@2x.png */,
				7E7966D61810823500FA85AD /* icon-50.png */,
				7E7966D71810823500FA85AD /* icon-50@2x.png */,
				7E7966D81810823500FA85AD /* icon-60.png */,
				7E7966D91810823500FA85AD /* icon-60@2x.png */,
				7E7966DA1810823500FA85AD /* icon-76.png */,
				7E7966DB1810823500FA85AD /* icon-76@2x.png */,
				7E7966DC1810823500FA85AD /* icon-small.png */,
				7E7966DD1810823500FA85AD /* icon-small@2x.png */,
				30FC414816E50CA1004E6F35 /* icon-72@2x.png */,
				308D052E1370CCF300D202BF /* icon-72.png */,
				308D052F1370CCF300D202BF /* icon.png */,
				308D05301370CCF300D202BF /* icon@2x.png */,
			);
			path = icons;
			sourceTree = "<group>";
		};
		308D05311370CCF300D202BF /* splash */ = {
			isa = PBXGroup;
			children = (
				D4A0D8751607E02300AEF8BB /* Default-568h@2x~iphone.png */,
				3088BBB7154F3926009F9C59 /* Default-Landscape@2x~ipad.png */,
				3088BBB8154F3926009F9C59 /* Default-Landscape~ipad.png */,
				3088BBB9154F3926009F9C59 /* Default-Portrait@2x~ipad.png */,
				3088BBBA154F3926009F9C59 /* Default-Portrait~ipad.png */,
				3088BBBB154F3926009F9C59 /* Default@2x~iphone.png */,
				3088BBBC154F3926009F9C59 /* Default~iphone.png */,
			);
			path = splash;
			sourceTree = "<group>";
		};
		30A0434214DC770100060A13 /* de.lproj */ = {
			isa = PBXGroup;
			children = (
				30A0434314DC770100060A13 /* Localizable.strings */,
			);
			path = de.lproj;
			sourceTree = "<group>";
		};
		30A0434514DC770100060A13 /* se.lproj */ = {
			isa = PBXGroup;
			children = (
				30A0434614DC770100060A13 /* Localizable.strings */,
			);
			path = se.lproj;
			sourceTree = "<group>";
		};
		EB87FDF11871DA420020F90C /* Staging */ = {
			isa = PBXGroup;
			children = (
				F840E1F0165FE0F500CFE078 /* config.xml */,
				301BF56E109A69640062928A /* www */,
			);
			name = Staging;
			sourceTree = "<group>";
		};
		EDD735741DFEE83900100F37 /* ILPDFKit */ = {
			isa = PBXGroup;
			children = (
				EDD735751DFEE83900100F37 /* Controller */,
				EDD7357A1DFEE83900100F37 /* ILPDFKit.h */,
				EDD7357B1DFEE83900100F37 /* Model */,
				EDD735941DFEE83900100F37 /* Utility */,
				EDD735991DFEE83900100F37 /* View */,
			);
			path = ILPDFKit;
			sourceTree = "<group>";
		};
		EDD735751DFEE83900100F37 /* Controller */ = {
			isa = PBXGroup;
			children = (
				EDD735761DFEE83900100F37 /* ILPDFSerializer.h */,
				EDD735771DFEE83900100F37 /* ILPDFSerializer.m */,
				EDD735781DFEE83900100F37 /* ILPDFViewController.h */,
				EDD735791DFEE83900100F37 /* ILPDFViewController.m */,
			);
			path = Controller;
			sourceTree = "<group>";
		};
		EDD7357B1DFEE83900100F37 /* Model */ = {
			isa = PBXGroup;
			children = (
				EDD7357C1DFEE83900100F37 /* ILPDFDocument.h */,
				EDD7357D1DFEE83900100F37 /* ILPDFDocument.m */,
				EDD7357E1DFEE83900100F37 /* ILPDFForm.h */,
				EDD7357F1DFEE83900100F37 /* ILPDFForm.m */,
				EDD735801DFEE83900100F37 /* ILPDFFormContainer.h */,
				EDD735811DFEE83900100F37 /* ILPDFFormContainer.m */,
				EDD735821DFEE83900100F37 /* ILPDFPage.h */,
				EDD735831DFEE83900100F37 /* ILPDFPage.m */,
				EDD735841DFEE83900100F37 /* Objects */,
			);
			path = Model;
			sourceTree = "<group>";
		};
		EDD735841DFEE83900100F37 /* Objects */ = {
			isa = PBXGroup;
			children = (
				EDD735851DFEE83900100F37 /* ILPDFArray.h */,
				EDD735861DFEE83900100F37 /* ILPDFArray.m */,
				EDD735871DFEE83900100F37 /* ILPDFDictionary.h */,
				EDD735881DFEE83900100F37 /* ILPDFDictionary.m */,
				EDD735891DFEE83900100F37 /* ILPDFName.h */,
				EDD7358A1DFEE83900100F37 /* ILPDFName.m */,
				EDD7358B1DFEE83900100F37 /* ILPDFNull.h */,
				EDD7358C1DFEE83900100F37 /* ILPDFNull.m */,
				EDD7358D1DFEE83900100F37 /* ILPDFNumber.h */,
				EDD7358E1DFEE83900100F37 /* ILPDFNumber.m */,
				EDD7358F1DFEE83900100F37 /* ILPDFObject.h */,
				EDD735901DFEE83900100F37 /* ILPDFStream.h */,
				EDD735911DFEE83900100F37 /* ILPDFStream.m */,
				EDD735921DFEE83900100F37 /* ILPDFString.h */,
				EDD735931DFEE83900100F37 /* ILPDFString.m */,
			);
			path = Objects;
			sourceTree = "<group>";
		};
		EDD735941DFEE83900100F37 /* Utility */ = {
			isa = PBXGroup;
			children = (
				EDD735951DFEE83900100F37 /* ILPDFObjectParser.h */,
				EDD735961DFEE83900100F37 /* ILPDFObjectParser.m */,
				EDD735971DFEE83900100F37 /* ILPDFUtility.h */,
				EDD735981DFEE83900100F37 /* ILPDFUtility.m */,
			);
			path = Utility;
			sourceTree = "<group>";
		};
		EDD735991DFEE83900100F37 /* View */ = {
			isa = PBXGroup;
			children = (
				EDD7359A1DFEE83900100F37 /* ILPDFFormButtonField.h */,
				EDD7359B1DFEE83900100F37 /* ILPDFFormButtonField.m */,
				EDD7359C1DFEE83900100F37 /* ILPDFFormChoiceField.h */,
				EDD7359D1DFEE83900100F37 /* ILPDFFormChoiceField.m */,
				EDD7359E1DFEE83900100F37 /* ILPDFFormSignatureField.h */,
				EDD7359F1DFEE83900100F37 /* ILPDFFormSignatureField.m */,
				EDD735A01DFEE83900100F37 /* ILPDFFormTextField.h */,
				EDD735A11DFEE83900100F37 /* ILPDFFormTextField.m */,
				EDD735A21DFEE83900100F37 /* ILPDFView.h */,
				EDD735A31DFEE83900100F37 /* ILPDFView.m */,
				EDD735A41DFEE83900100F37 /* ILPDFWidgetAnnotationView.h */,
				EDD735A51DFEE83900100F37 /* ILPDFWidgetAnnotationView.m */,
			);
			path = View;
			sourceTree = "<group>";
		};
/* End PBXGroup section */

/* Begin PBXNativeTarget section */
		1D6058900D05DD3D006BFB54 /* ILPDFKit-Cordova */ = {
			isa = PBXNativeTarget;
			buildConfigurationList = 1D6058960D05DD3E006BFB54 /* Build configuration list for PBXNativeTarget "ILPDFKit-Cordova" */;
			buildPhases = (
				304B58A110DAC018002A0835 /* Copy www directory */,
				1D60588D0D05DD3D006BFB54 /* Resources */,
				1D60588E0D05DD3D006BFB54 /* Sources */,
				1D60588F0D05DD3D006BFB54 /* Frameworks */,
			);
			buildRules = (
			);
			dependencies = (
				301BF551109A68C00062928A /* PBXTargetDependency */,
			);
			name = "ILPDFKit-Cordova";
			productName = "ILPDFKit-Cordova";
			productReference = 1D6058910D05DD3D006BFB54 /* ILPDFKit-Cordova.app */;
			productType = "com.apple.product-type.application";
		};
/* End PBXNativeTarget section */

/* Begin PBXProject section */
		29B97313FDCFA39411CA2CEA /* Project object */ = {
			isa = PBXProject;
			attributes = {
				LastUpgradeCheck = 510;
				TargetAttributes = {
					1D6058900D05DD3D006BFB54 = {
						DevelopmentTeam = L558M923KS;
					};
				};
			};
			buildConfigurationList = C01FCF4E08A954540054247B /* Build configuration list for PBXProject "ILPDFKit-Cordova" */;
			compatibilityVersion = "Xcode 3.2";
			developmentRegion = English;
			hasScannedForEncodings = 1;
			knownRegions = (
				English,
				Japanese,
				French,
				German,
				en,
				es,
				de,
				se,
			);
			mainGroup = 29B97314FDCFA39411CA2CEA /* CustomTemplate */;
			projectDirPath = "";
			projectReferences = (
				{
					ProductGroup = 301BF52E109A57CC0062928A /* Products */;
					ProjectRef = 301BF52D109A57CC0062928A /* CordovaLib.xcodeproj */;
				},
			);
			projectRoot = "";
			targets = (
				1D6058900D05DD3D006BFB54 /* ILPDFKit-Cordova */,
			);
		};
/* End PBXProject section */

/* Begin PBXReferenceProxy section */
		301BF535109A57CC0062928A /* libCordova.a */ = {
			isa = PBXReferenceProxy;
			fileType = archive.ar;
			path = libCordova.a;
			remoteRef = 301BF534109A57CC0062928A /* PBXContainerItemProxy */;
			sourceTree = BUILT_PRODUCTS_DIR;
		};
/* End PBXReferenceProxy section */

/* Begin PBXResourcesBuildPhase section */
		1D60588D0D05DD3D006BFB54 /* Resources */ = {
			isa = PBXResourcesBuildPhase;
			buildActionMask = 2147483647;
			files = (
				EDD735BD1DFEF2F200100F37 /* test.pdf in Resources */,
				7E7966E41810823500FA85AD /* icon-76.png in Resources */,
				7E7966DF1810823500FA85AD /* icon-40@2x.png in Resources */,
				308D05371370CCF300D202BF /* icon-72.png in Resources */,
				308D05381370CCF300D202BF /* icon.png in Resources */,
				308D05391370CCF300D202BF /* icon@2x.png in Resources */,
				1F766FE113BBADB100FB74C0 /* Localizable.strings in Resources */,
				302D95F214D2391D003F00A1 /* MainViewController.xib in Resources */,
				7E7966E01810823500FA85AD /* icon-50.png in Resources */,
				7E7966E31810823500FA85AD /* icon-60@2x.png in Resources */,
				30A0434814DC770100060A13 /* Localizable.strings in Resources */,
				7E7966E61810823500FA85AD /* icon-small.png in Resources */,
				3088BBBD154F3926009F9C59 /* Default-Landscape@2x~ipad.png in Resources */,
				3088BBBE154F3926009F9C59 /* Default-Landscape~ipad.png in Resources */,
				3088BBBF154F3926009F9C59 /* Default-Portrait@2x~ipad.png in Resources */,
				7E7966E71810823500FA85AD /* icon-small@2x.png in Resources */,
				3088BBC0154F3926009F9C59 /* Default-Portrait~ipad.png in Resources */,
				7E7966DE1810823500FA85AD /* icon-40.png in Resources */,
				3088BBC1154F3926009F9C59 /* Default@2x~iphone.png in Resources */,
				7E7966E21810823500FA85AD /* icon-60.png in Resources */,
				3088BBC2154F3926009F9C59 /* Default~iphone.png in Resources */,
				D4A0D8761607E02300AEF8BB /* Default-568h@2x~iphone.png in Resources */,
				7E7966E11810823500FA85AD /* icon-50@2x.png in Resources */,
				7E7966E51810823500FA85AD /* icon-76@2x.png in Resources */,
				30FC414916E50CA1004E6F35 /* icon-72@2x.png in Resources */,
				32644B4919F7B9ED0083871E /* test.pdf in Resources */,
			);
			runOnlyForDeploymentPostprocessing = 0;
		};
/* End PBXResourcesBuildPhase section */

/* Begin PBXShellScriptBuildPhase section */
		304B58A110DAC018002A0835 /* Copy www directory */ = {
			isa = PBXShellScriptBuildPhase;
			buildActionMask = 2147483647;
			files = (
			);
			inputPaths = (
			);
			name = "Copy www directory";
			outputPaths = (
			);
			runOnlyForDeploymentPostprocessing = 0;
			shellPath = /bin/sh;
			shellScript = "#!/bin/sh\n#\n#    Licensed to the Apache Software Foundation (ASF) under one\n#    or more contributor license agreements.  See the NOTICE file\n#    distributed with this work for additional information\n#    regarding copyright ownership.  The ASF licenses this file\n#    to you under the Apache License, Version 2.0 (the\n#    \"License\"); you may not use this file except in compliance\n#    with the License.  You may obtain a copy of the License at\n#\n#    http://www.apache.org/licenses/LICENSE-2.0\n#\n#    Unless required by applicable law or agreed to in writing,\n#    software distributed under the License is distributed on an\n#    \"AS IS\" BASIS, WITHOUT WARRANTIES OR CONDITIONS OF ANY\n#    KIND, either express or implied.  See the License for the\n#    specific language governing permissions and limitations\n#    under the License.\n#\n#\n#   This script copies the www directory into the Xcode project.\n#\n#   This script should not be called directly.\n#   It is called as a build step from Xcode.\n\nSRC_DIR=\"www/\"\nDST_DIR=\"$BUILT_PRODUCTS_DIR/$FULL_PRODUCT_NAME/www\"\nCOPY_HIDDEN=\nORIG_IFS=$IFS\nIFS=$(echo -en \"\\n\\b\")\n\nif [[ -z \"$BUILT_PRODUCTS_DIR\" ]]; then\necho \"The script is meant to be run as an Xcode build step and relies on env variables set by Xcode.\"\nexit 1\nfi\nif [[ ! -e \"$SRC_DIR\" ]]; then\necho \"Path does not exist: $SRC_DIR\"\nexit 1\nfi\n\n# Use full path to find to avoid conflict with macports find (CB-6383).\nif [[ -n $COPY_HIDDEN ]]; then\nalias do_find='/usr/bin/find \"$SRC_DIR\"'\nelse\nalias do_find='/usr/bin/find -L \"$SRC_DIR\" -name \".*\" -prune -o'\nfi\n\ntime (\n# Code signing files must be removed or else there are\n# resource signing errors.\nrm -rf \"$DST_DIR\" \\\n\"$BUILT_PRODUCTS_DIR/$FULL_PRODUCT_NAME/_CodeSignature\" \\\n\"$BUILT_PRODUCTS_DIR/$FULL_PRODUCT_NAME/PkgInfo\" \\\n\"$BUILT_PRODUCTS_DIR/$FULL_PRODUCT_NAME/embedded.mobileprovision\"\n\n# Directories\nfor p in $(do_find -type d -print); do\nsubpath=\"${p#$SRC_DIR}\"\nmkdir \"$DST_DIR$subpath\" || exit 1\ndone\n\n# Symlinks\nfor p in $(do_find -type l -print); do\nsubpath=\"${p#$SRC_DIR}\"\nsource=$(readlink $SRC_DIR$subpath)\nsourcetype=$(stat -f \"%HT%SY\" $source)\nif [ \"$sourcetype\" = \"Directory\" ]; then\nmkdir \"$DST_DIR$subpath\" || exit 2\nelse\nrsync -a \"$source\" \"$DST_DIR$subpath\" || exit 3\nfi\ndone\n\n# Files\nfor p in $(do_find -type f -print); do\nsubpath=\"${p#$SRC_DIR}\"\nif ! ln \"$SRC_DIR$subpath\" \"$DST_DIR$subpath\" 2>/dev/null; then\nrsync -a \"$SRC_DIR$subpath\" \"$DST_DIR$subpath\" || exit 4\nfi\ndone\n\n# Copy the config.xml file.\ncp -f \"${PROJECT_FILE_PATH%.xcodeproj}/config.xml\" \"$BUILT_PRODUCTS_DIR/$FULL_PRODUCT_NAME\"\n\n)\nIFS=$ORIG_IFS\n\n";
			showEnvVarsInLog = 0;
		};
/* End PBXShellScriptBuildPhase section */

/* Begin PBXSourcesBuildPhase section */
		1D60588E0D05DD3D006BFB54 /* Sources */ = {
			isa = PBXSourcesBuildPhase;
			buildActionMask = 2147483647;
			files = (
				EDD735B61DFEE83A00100F37 /* ILPDFFormChoiceField.m in Sources */,
				EDD735AB1DFEE83900100F37 /* ILPDFPage.m in Sources */,
				EDD735B21DFEE83900100F37 /* ILPDFString.m in Sources */,
				EDD735A61DFEE83900100F37 /* ILPDFSerializer.m in Sources */,
				EDD735A91DFEE83900100F37 /* ILPDFForm.m in Sources */,
				EDD735B11DFEE83900100F37 /* ILPDFStream.m in Sources */,
				32644AFE19F7ABA60083871E /* ILPDFKitPlugin.m in Sources */,
				EDD735B71DFEE83A00100F37 /* ILPDFFormSignatureField.m in Sources */,
				EDD735AE1DFEE83900100F37 /* ILPDFName.m in Sources */,
				EDD735B31DFEE83900100F37 /* ILPDFObjectParser.m in Sources */,
				EDD735B51DFEE83A00100F37 /* ILPDFFormButtonField.m in Sources */,
				EDD735B41DFEE83A00100F37 /* ILPDFUtility.m in Sources */,
				EDD735AA1DFEE83900100F37 /* ILPDFFormContainer.m in Sources */,
				EDD735BA1DFEE83A00100F37 /* ILPDFWidgetAnnotationView.m in Sources */,
				EDD735AF1DFEE83900100F37 /* ILPDFNull.m in Sources */,
				1D60589B0D05DD56006BFB54 /* main.m in Sources */,
				EDD735B81DFEE83A00100F37 /* ILPDFFormTextField.m in Sources */,
				EDD735B91DFEE83A00100F37 /* ILPDFView.m in Sources */,
				EDD735A81DFEE83900100F37 /* ILPDFDocument.m in Sources */,
				1D3623260D0F684500981E51 /* AppDelegate.m in Sources */,
				EDD735B01DFEE83900100F37 /* ILPDFNumber.m in Sources */,
				EDD735AC1DFEE83900100F37 /* ILPDFArray.m in Sources */,
				EDD735AD1DFEE83900100F37 /* ILPDFDictionary.m in Sources */,
				EDD735A71DFEE83900100F37 /* ILPDFViewController.m in Sources */,
				302D95F114D2391D003F00A1 /* MainViewController.m in Sources */,
			);
			runOnlyForDeploymentPostprocessing = 0;
		};
/* End PBXSourcesBuildPhase section */

/* Begin PBXTargetDependency section */
		301BF551109A68C00062928A /* PBXTargetDependency */ = {
			isa = PBXTargetDependency;
			name = CordovaLib;
			targetProxy = 301BF550109A68C00062928A /* PBXContainerItemProxy */;
		};
/* End PBXTargetDependency section */

/* Begin PBXVariantGroup section */
		1F766FDC13BBADB100FB74C0 /* Localizable.strings */ = {
			isa = PBXVariantGroup;
			children = (
				1F766FDD13BBADB100FB74C0 /* en */,
			);
			name = Localizable.strings;
			sourceTree = "<group>";
		};
		1F766FDF13BBADB100FB74C0 /* Localizable.strings */ = {
			isa = PBXVariantGroup;
			children = (
				1F766FE013BBADB100FB74C0 /* es */,
			);
			name = Localizable.strings;
			sourceTree = "<group>";
		};
		30A0434314DC770100060A13 /* Localizable.strings */ = {
			isa = PBXVariantGroup;
			children = (
				30A0434414DC770100060A13 /* de */,
			);
			name = Localizable.strings;
			sourceTree = "<group>";
		};
		30A0434614DC770100060A13 /* Localizable.strings */ = {
			isa = PBXVariantGroup;
			children = (
				30A0434714DC770100060A13 /* se */,
			);
			name = Localizable.strings;
			sourceTree = "<group>";
		};
/* End PBXVariantGroup section */

/* Begin XCBuildConfiguration section */
		1D6058940D05DD3E006BFB54 /* Debug */ = {
			isa = XCBuildConfiguration;
			buildSettings = {
				ALWAYS_SEARCH_USER_PATHS = NO;
				CLANG_ENABLE_OBJC_ARC = YES;
				COPY_PHASE_STRIP = NO;
				DEVELOPMENT_TEAM = L558M923KS;
				GCC_DYNAMIC_NO_PIC = NO;
				GCC_OPTIMIZATION_LEVEL = 0;
				GCC_PRECOMPILE_PREFIX_HEADER = YES;
				GCC_PREFIX_HEADER = "ILPDFKit-Cordova/ILPDFKit-Cordova-Prefix.pch";
				GCC_THUMB_SUPPORT = NO;
				GCC_VERSION = "";
				INFOPLIST_FILE = "ILPDFKit-Cordova/ILPDFKit-Cordova-Info.plist";
				IPHONEOS_DEPLOYMENT_TARGET = 6.0;
				OTHER_LDFLAGS = (
					"-weak_framework",
					CoreFoundation,
					"-weak_framework",
					UIKit,
					"-weak_framework",
					AVFoundation,
					"-weak_framework",
					CoreMedia,
					"-weak-lSystem",
					"-force_load",
					"\"$(BUILT_PRODUCTS_DIR)/libCordova.a\"",
					"-ObjC",
				);
				PRODUCT_BUNDLE_IDENTIFIER = "ilpdfkit-cordova";
				PRODUCT_NAME = "ILPDFKit-Cordova";
				TARGETED_DEVICE_FAMILY = "1,2";
			};
			name = Debug;
		};
		1D6058950D05DD3E006BFB54 /* Release */ = {
			isa = XCBuildConfiguration;
			buildSettings = {
				ALWAYS_SEARCH_USER_PATHS = NO;
				CLANG_ENABLE_OBJC_ARC = YES;
				COPY_PHASE_STRIP = YES;
				DEVELOPMENT_TEAM = L558M923KS;
				GCC_PRECOMPILE_PREFIX_HEADER = YES;
				GCC_PREFIX_HEADER = "ILPDFKit-Cordova/ILPDFKit-Cordova-Prefix.pch";
				GCC_THUMB_SUPPORT = NO;
				GCC_VERSION = "";
				INFOPLIST_FILE = "ILPDFKit-Cordova/ILPDFKit-Cordova-Info.plist";
				IPHONEOS_DEPLOYMENT_TARGET = 6.0;
				OTHER_LDFLAGS = (
					"-weak_framework",
					CoreFoundation,
					"-weak_framework",
					UIKit,
					"-weak_framework",
					AVFoundation,
					"-weak_framework",
					CoreMedia,
					"-weak-lSystem",
					"-force_load",
					"\"$(BUILT_PRODUCTS_DIR)/libCordova.a\"",
					"-ObjC",
				);
				PRODUCT_BUNDLE_IDENTIFIER = "ilpdfkit-cordova";
				PRODUCT_NAME = "ILPDFKit-Cordova";
				TARGETED_DEVICE_FAMILY = "1,2";
			};
			name = Release;
		};
		C01FCF4F08A954540054247B /* Debug */ = {
			isa = XCBuildConfiguration;
			buildSettings = {
				CLANG_ENABLE_OBJC_ARC = YES;
				CLANG_WARN_BOOL_CONVERSION = YES;
				CLANG_WARN_CONSTANT_CONVERSION = YES;
				CLANG_WARN_EMPTY_BODY = YES;
				CLANG_WARN_ENUM_CONVERSION = YES;
				CLANG_WARN_INT_CONVERSION = YES;
				CLANG_WARN__DUPLICATE_METHOD_MATCH = YES;
				"CODE_SIGN_IDENTITY[sdk=iphoneos*]" = "iPhone Developer";
				GCC_C_LANGUAGE_STANDARD = c99;
				GCC_THUMB_SUPPORT = NO;
				GCC_VERSION = "";
				GCC_WARN_ABOUT_RETURN_TYPE = YES;
				GCC_WARN_UNDECLARED_SELECTOR = YES;
				GCC_WARN_UNINITIALIZED_AUTOS = YES;
				GCC_WARN_UNUSED_FUNCTION = YES;
				GCC_WARN_UNUSED_VARIABLE = YES;
				HEADER_SEARCH_PATHS = (
					"\"$(TARGET_BUILD_DIR)/usr/local/lib/include\"",
					"\"$(OBJROOT)/UninstalledProducts/include\"",
					"\"$(BUILT_PRODUCTS_DIR)\"",
				);
				IPHONEOS_DEPLOYMENT_TARGET = 6.0;
				ONLY_ACTIVE_ARCH = YES;
				OTHER_LDFLAGS = (
					"-weak_framework",
					CoreFoundation,
					"-weak_framework",
					UIKit,
					"-weak_framework",
					AVFoundation,
					"-weak_framework",
					CoreMedia,
					"-weak-lSystem",
					"-force_load",
					"\"$(BUILT_PRODUCTS_DIR)/libCordova.a\"",
					"-ObjC",
				);
				SDKROOT = iphoneos;
				SKIP_INSTALL = NO;
				USER_HEADER_SEARCH_PATHS = "";
			};
			name = Debug;
		};
		C01FCF5008A954540054247B /* Release */ = {
			isa = XCBuildConfiguration;
			buildSettings = {
				CLANG_ENABLE_OBJC_ARC = YES;
				CLANG_WARN_BOOL_CONVERSION = YES;
				CLANG_WARN_CONSTANT_CONVERSION = YES;
				CLANG_WARN_EMPTY_BODY = YES;
				CLANG_WARN_ENUM_CONVERSION = YES;
				CLANG_WARN_INT_CONVERSION = YES;
				CLANG_WARN__DUPLICATE_METHOD_MATCH = YES;
				"CODE_SIGN_IDENTITY[sdk=iphoneos*]" = "iPhone Developer";
				GCC_C_LANGUAGE_STANDARD = c99;
				GCC_THUMB_SUPPORT = NO;
				GCC_VERSION = "";
				GCC_WARN_ABOUT_RETURN_TYPE = YES;
				GCC_WARN_UNDECLARED_SELECTOR = YES;
				GCC_WARN_UNINITIALIZED_AUTOS = YES;
				GCC_WARN_UNUSED_FUNCTION = YES;
				GCC_WARN_UNUSED_VARIABLE = YES;
				HEADER_SEARCH_PATHS = (
					"\"$(TARGET_BUILD_DIR)/usr/local/lib/include\"",
					"\"$(OBJROOT)/UninstalledProducts/include\"",
					"\"$(BUILT_PRODUCTS_DIR)\"",
				);
				IPHONEOS_DEPLOYMENT_TARGET = 6.0;
				OTHER_LDFLAGS = (
					"-weak_framework",
					CoreFoundation,
					"-weak_framework",
					UIKit,
					"-weak_framework",
					AVFoundation,
					"-weak_framework",
					CoreMedia,
					"-weak-lSystem",
					"-force_load",
					"\"$(BUILT_PRODUCTS_DIR)/libCordova.a\"",
					"-ObjC",
				);
				SDKROOT = iphoneos;
				SKIP_INSTALL = NO;
				USER_HEADER_SEARCH_PATHS = "";
			};
			name = Release;
		};
/* End XCBuildConfiguration section */

/* Begin XCConfigurationList section */
		1D6058960D05DD3E006BFB54 /* Build configuration list for PBXNativeTarget "ILPDFKit-Cordova" */ = {
			isa = XCConfigurationList;
			buildConfigurations = (
				1D6058940D05DD3E006BFB54 /* Debug */,
				1D6058950D05DD3E006BFB54 /* Release */,
			);
			defaultConfigurationIsVisible = 0;
			defaultConfigurationName = Release;
		};
		C01FCF4E08A954540054247B /* Build configuration list for PBXProject "ILPDFKit-Cordova" */ = {
			isa = XCConfigurationList;
			buildConfigurations = (
				C01FCF4F08A954540054247B /* Debug */,
				C01FCF5008A954540054247B /* Release */,
			);
			defaultConfigurationIsVisible = 0;
			defaultConfigurationName = Release;
		};
/* End XCConfigurationList section */
	};
	rootObject = 29B97313FDCFA39411CA2CEA /* Project object */;
}
